
Microsoft Visual Studio Solution File, Format Version 12.00
# Visual Studio Version 16
VisualStudioVersion = 16.0.32228.343
MinimumVisualStudioVersion = 10.0.40219.1
Project("{FAE04EC0-301F-11D3-BF4B-00C04F79EFBC}") = "WindowsFormsApp1_test", "WindowsFormsApp1_test\WindowsFormsApp1_test.csproj", "{B93EACD2-9A84-4E26-8430-36DA32C01F27}"
EndProject
Global
	GlobalSection(SolutionConfigurationPlatforms) = preSolution
		Debug|Any CPU = Debug|Any CPU
		Release|Any CPU = Release|Any CPU
	EndGlobalSection
	GlobalSection(ProjectConfigurationPlatforms) = postSolution
		{B93EACD2-9A84-4E26-8430-36DA32C01F27}.Debug|Any CPU.ActiveCfg = Debug|Any CPU
		{B93EACD2-9A84-4E26-8430-36DA32C01F27}.Debug|Any CPU.Build.0 = Debug|Any CPU
		{B93EACD2-9A84-4E26-8430-36DA32C01F27}.Release|Any CPU.ActiveCfg = Release|Any CPU
		{B93EACD2-9A84-4E26-8430-36DA32C01F27}.Release|Any CPU.Build.0 = Release|Any CPU
	EndGlobalSection
	GlobalSection(SolutionProperties) = preSolution
		HideSolutionNode = FALSE
	EndGlobalSection
	GlobalSection(ExtensibilityGlobals) = postSolution
		SolutionGuid = {83B2291B-0FA8-428E-9348-1B0372AA40E4}
	EndGlobalSection
EndGlobal
